
Microsoft Visual Studio Solution File, Format Version 11.00
# Visual Studio 2010
Project("{FAE04EC0-301F-11D3-BF4B-00C04F79EFBC}") = "ListGeneration", "ListGeneration\ListGeneration.csproj", "{A2E9C5D5-DF92-420A-8F32-98CFC57C89D0}"
EndProject
Project("{FAE04EC0-301F-11D3-BF4B-00C04F79EFBC}") = "ListGeneration.Tests", "ListGeneration.Tests\ListGeneration.Tests.csproj", "{5D87ED9D-ED98-4573-8CBA-636130890A40}"
EndProject
Project("{FAE04EC0-301F-11D3-BF4B-00C04F79EFBC}") = "Web", "Web\Web.csproj", "{D4B1B3BF-F693-4DBA-8873-0DA589A81035}"
EndProject
Global
	GlobalSection(SolutionConfigurationPlatforms) = preSolution
		Debug|Any CPU = Debug|Any CPU
		Release|Any CPU = Release|Any CPU
	EndGlobalSection
	GlobalSection(ProjectConfigurationPlatforms) = postSolution
		{A2E9C5D5-DF92-420A-8F32-98CFC57C89D0}.Debug|Any CPU.ActiveCfg = Debug|Any CPU
		{A2E9C5D5-DF92-420A-8F32-98CFC57C89D0}.Debug|Any CPU.Build.0 = Debug|Any CPU
		{A2E9C5D5-DF92-420A-8F32-98CFC57C89D0}.Release|Any CPU.ActiveCfg = Release|Any CPU
		{A2E9C5D5-DF92-420A-8F32-98CFC57C89D0}.Release|Any CPU.Build.0 = Release|Any CPU
		{5D87ED9D-ED98-4573-8CBA-636130890A40}.Debug|Any CPU.ActiveCfg = Debug|Any CPU
		{5D87ED9D-ED98-4573-8CBA-636130890A40}.Debug|Any CPU.Build.0 = Debug|Any CPU
		{5D87ED9D-ED98-4573-8CBA-636130890A40}.Release|Any CPU.ActiveCfg = Release|Any CPU
		{5D87ED9D-ED98-4573-8CBA-636130890A40}.Release|Any CPU.Build.0 = Release|Any CPU
		{D4B1B3BF-F693-4DBA-8873-0DA589A81035}.Debug|Any CPU.ActiveCfg = Debug|Any CPU
		{D4B1B3BF-F693-4DBA-8873-0DA589A81035}.Debug|Any CPU.Build.0 = Debug|Any CPU
		{D4B1B3BF-F693-4DBA-8873-0DA589A81035}.Release|Any CPU.ActiveCfg = Release|Any CPU
		{D4B1B3BF-F693-4DBA-8873-0DA589A81035}.Release|Any CPU.Build.0 = Release|Any CPU
	EndGlobalSection
	GlobalSection(SolutionProperties) = preSolution
		HideSolutionNode = FALSE
	EndGlobalSection
EndGlobal
